
Microsoft Visual Studio Solution File, Format Version 12.00
# Visual Studio Version 16
VisualStudioVersion = 16.0.32106.194
MinimumVisualStudioVersion = 10.0.40219.1
Project("{FAE04EC0-301F-11D3-BF4B-00C04F79EFBC}") = "first-csharp-cli-app", "first-csharp-cli-app.csproj", "{54D6FA77-4AB5-4F9A-9E8E-9D0E0A72E11D}"
EndProject
Global
	GlobalSection(SolutionConfigurationPlatforms) = preSolution
		Debug|Any CPU = Debug|Any CPU
		Release|Any CPU = Release|Any CPU
	EndGlobalSection
	GlobalSection(ProjectConfigurationPlatforms) = postSolution
		{54D6FA77-4AB5-4F9A-9E8E-9D0E0A72E11D}.Debug|Any CPU.ActiveCfg = Debug|Any CPU
		{54D6FA77-4AB5-4F9A-9E8E-9D0E0A72E11D}.Debug|Any CPU.Build.0 = Debug|Any CPU
		{54D6FA77-4AB5-4F9A-9E8E-9D0E0A72E11D}.Release|Any CPU.ActiveCfg = Release|Any CPU
		{54D6FA77-4AB5-4F9A-9E8E-9D0E0A72E11D}.Release|Any CPU.Build.0 = Release|Any CPU
	EndGlobalSection
	GlobalSection(SolutionProperties) = preSolution
		HideSolutionNode = FALSE
	EndGlobalSection
	GlobalSection(ExtensibilityGlobals) = postSolution
		SolutionGuid = {8B5CD8FF-8FAE-4043-B89B-A319947F9B0F}
	EndGlobalSection
EndGlobal
